// !$*UTF8*$!
{
	archiveVersion = 1;
	classes = {
	};
	objectVersion = 46;
	objects = {

/* Begin PBXBuildFile section */
		E097BD131E70567000D4F590 /* Assets.xcassets in Resources */ = {isa = PBXBuildFile; fileRef = E097BD121E70567000D4F590 /* Assets.xcassets */; };
		E097BD1A1E70567000D4F590 /* MessagesExtension.appex in Embed App Extensions */ = {isa = PBXBuildFile; fileRef = E097BD191E70567000D4F590 /* MessagesExtension.appex */; settings = {ATTRIBUTES = (RemoveHeadersOnCopy, ); }; };
		E097BD1F1E70567000D4F590 /* Messages.framework in Frameworks */ = {isa = PBXBuildFile; fileRef = E097BD1E1E70567000D4F590 /* Messages.framework */; };
		E097BD221E70567000D4F590 /* MessagesViewController.swift in Sources */ = {isa = PBXBuildFile; fileRef = E097BD211E70567000D4F590 /* MessagesViewController.swift */; };
		E097BD251E70567100D4F590 /* MainInterface.storyboard in Resources */ = {isa = PBXBuildFile; fileRef = E097BD231E70567100D4F590 /* MainInterface.storyboard */; };
		E097BD271E70567100D4F590 /* Assets.xcassets in Resources */ = {isa = PBXBuildFile; fileRef = E097BD261E70567100D4F590 /* Assets.xcassets */; };
		E097BD331E70B36000D4F590 /* EventViewController.swift in Sources */ = {isa = PBXBuildFile; fileRef = E097BD321E70B36000D4F590 /* EventViewController.swift */; };
/* End PBXBuildFile section */

/* Begin PBXContainerItemProxy section */
		E097BD1B1E70567000D4F590 /* PBXContainerItemProxy */ = {
			isa = PBXContainerItemProxy;
			containerPortal = E097BD091E70567000D4F590 /* Project object */;
			proxyType = 1;
			remoteGlobalIDString = E097BD181E70567000D4F590;
			remoteInfo = MessagesExtension;
		};
/* End PBXContainerItemProxy section */

/* Begin PBXCopyFilesBuildPhase section */
		E097BD2E1E70567100D4F590 /* Embed App Extensions */ = {
			isa = PBXCopyFilesBuildPhase;
			buildActionMask = 2147483647;
			dstPath = "";
			dstSubfolderSpec = 13;
			files = (
				E097BD1A1E70567000D4F590 /* MessagesExtension.appex in Embed App Extensions */,
			);
			name = "Embed App Extensions";
			runOnlyForDeploymentPostprocessing = 0;
		};
/* End PBXCopyFilesBuildPhase section */

/* Begin PBXFileReference section */
		E097BD0F1E70567000D4F590 /* VoteOnDate.app */ = {isa = PBXFileReference; explicitFileType = wrapper.application; includeInIndex = 0; path = VoteOnDate.app; sourceTree = BUILT_PRODUCTS_DIR; };
		E097BD121E70567000D4F590 /* Assets.xcassets */ = {isa = PBXFileReference; lastKnownFileType = folder.assetcatalog; path = Assets.xcassets; sourceTree = "<group>"; };
		E097BD141E70567000D4F590 /* Info.plist */ = {isa = PBXFileReference; lastKnownFileType = text.plist.xml; path = Info.plist; sourceTree = "<group>"; };
		E097BD191E70567000D4F590 /* MessagesExtension.appex */ = {isa = PBXFileReference; explicitFileType = "wrapper.app-extension"; includeInIndex = 0; path = MessagesExtension.appex; sourceTree = BUILT_PRODUCTS_DIR; };
		E097BD1E1E70567000D4F590 /* Messages.framework */ = {isa = PBXFileReference; lastKnownFileType = wrapper.framework; name = Messages.framework; path = System/Library/Frameworks/Messages.framework; sourceTree = SDKROOT; };
		E097BD211E70567000D4F590 /* MessagesViewController.swift */ = {isa = PBXFileReference; lastKnownFileType = sourcecode.swift; path = MessagesViewController.swift; sourceTree = "<group>"; };
		E097BD241E70567100D4F590 /* Base */ = {isa = PBXFileReference; lastKnownFileType = file.storyboard; name = Base; path = Base.lproj/MainInterface.storyboard; sourceTree = "<group>"; };
		E097BD261E70567100D4F590 /* Assets.xcassets */ = {isa = PBXFileReference; lastKnownFileType = folder.assetcatalog; path = Assets.xcassets; sourceTree = "<group>"; };
		E097BD281E70567100D4F590 /* Info.plist */ = {isa = PBXFileReference; lastKnownFileType = text.plist.xml; path = Info.plist; sourceTree = "<group>"; };
		E097BD321E70B36000D4F590 /* EventViewController.swift */ = {isa = PBXFileReference; fileEncoding = 4; lastKnownFileType = sourcecode.swift; path = EventViewController.swift; sourceTree = "<group>"; };
/* End PBXFileReference section */

/* Begin PBXFrameworksBuildPhase section */
		E097BD161E70567000D4F590 /* Frameworks */ = {
			isa = PBXFrameworksBuildPhase;
			buildActionMask = 2147483647;
			files = (
				E097BD1F1E70567000D4F590 /* Messages.framework in Frameworks */,
			);
			runOnlyForDeploymentPostprocessing = 0;
		};
/* End PBXFrameworksBuildPhase section */

/* Begin PBXGroup section */
		E097BD081E70567000D4F590 = {
			isa = PBXGroup;
			children = (
				E097BD111E70567000D4F590 /* VoteOnDate */,
				E097BD201E70567000D4F590 /* MessagesExtension */,
				E097BD1D1E70567000D4F590 /* Frameworks */,
				E097BD101E70567000D4F590 /* Products */,
			);
			sourceTree = "<group>";
		};
		E097BD101E70567000D4F590 /* Products */ = {
			isa = PBXGroup;
			children = (
				E097BD0F1E70567000D4F590 /* VoteOnDate.app */,
				E097BD191E70567000D4F590 /* MessagesExtension.appex */,
			);
			name = Products;
			sourceTree = "<group>";
		};
		E097BD111E70567000D4F590 /* VoteOnDate */ = {
			isa = PBXGroup;
			children = (
				E097BD121E70567000D4F590 /* Assets.xcassets */,
				E097BD141E70567000D4F590 /* Info.plist */,
			);
			path = VoteOnDate;
			sourceTree = "<group>";
		};
		E097BD1D1E70567000D4F590 /* Frameworks */ = {
			isa = PBXGroup;
			children = (
				E097BD1E1E70567000D4F590 /* Messages.framework */,
			);
			name = Frameworks;
			sourceTree = "<group>";
		};
		E097BD201E70567000D4F590 /* MessagesExtension */ = {
			isa = PBXGroup;
			children = (
				E097BD211E70567000D4F590 /* MessagesViewController.swift */,
				E097BD231E70567100D4F590 /* MainInterface.storyboard */,
				E097BD321E70B36000D4F590 /* EventViewController.swift */,
				E097BD261E70567100D4F590 /* Assets.xcassets */,
				E097BD281E70567100D4F590 /* Info.plist */,
			);
			path = MessagesExtension;
			sourceTree = "<group>";
		};
/* End PBXGroup section */

/* Begin PBXNativeTarget section */
		E097BD0E1E70567000D4F590 /* VoteOnDate */ = {
			isa = PBXNativeTarget;
			buildConfigurationList = E097BD2F1E70567100D4F590 /* Build configuration list for PBXNativeTarget "VoteOnDate" */;
			buildPhases = (
				E097BD0D1E70567000D4F590 /* Resources */,
				E097BD2E1E70567100D4F590 /* Embed App Extensions */,
			);
			buildRules = (
			);
			dependencies = (
				E097BD1C1E70567000D4F590 /* PBXTargetDependency */,
			);
			name = VoteOnDate;
			productName = VoteOnDate;
			productReference = E097BD0F1E70567000D4F590 /* VoteOnDate.app */;
			productType = "com.apple.product-type.application.messages";
		};
		E097BD181E70567000D4F590 /* MessagesExtension */ = {
			isa = PBXNativeTarget;
			buildConfigurationList = E097BD2B1E70567100D4F590 /* Build configuration list for PBXNativeTarget "MessagesExtension" */;
			buildPhases = (
				E097BD151E70567000D4F590 /* Sources */,
				E097BD161E70567000D4F590 /* Frameworks */,
				E097BD171E70567000D4F590 /* Resources */,
			);
			buildRules = (
			);
			dependencies = (
			);
			name = MessagesExtension;
			productName = MessagesExtension;
			productReference = E097BD191E70567000D4F590 /* MessagesExtension.appex */;
			productType = "com.apple.product-type.app-extension.messages";
		};
/* End PBXNativeTarget section */

/* Begin PBXProject section */
		E097BD091E70567000D4F590 /* Project object */ = {
			isa = PBXProject;
			attributes = {
				LastSwiftUpdateCheck = 0820;
				LastUpgradeCheck = 0820;
				ORGANIZATIONNAME = "Jason Crawford";
				TargetAttributes = {
					E097BD0E1E70567000D4F590 = {
						CreatedOnToolsVersion = 8.2.1;
						DevelopmentTeam = EN498SV6Q8;
						ProvisioningStyle = Automatic;
					};
					E097BD181E70567000D4F590 = {
						CreatedOnToolsVersion = 8.2.1;
						DevelopmentTeam = EN498SV6Q8;
						ProvisioningStyle = Automatic;
					};
				};
			};
			buildConfigurationList = E097BD0C1E70567000D4F590 /* Build configuration list for PBXProject "VoteOnDate" */;
			compatibilityVersion = "Xcode 3.2";
			developmentRegion = English;
			hasScannedForEncodings = 0;
			knownRegions = (
				en,
				Base,
			);
			mainGroup = E097BD081E70567000D4F590;
			productRefGroup = E097BD101E70567000D4F590 /* Products */;
			projectDirPath = "";
			projectRoot = "";
			targets = (
				E097BD0E1E70567000D4F590 /* VoteOnDate */,
				E097BD181E70567000D4F590 /* MessagesExtension */,
			);
		};
/* End PBXProject section */

/* Begin PBXResourcesBuildPhase section */
		E097BD0D1E70567000D4F590 /* Resources */ = {
			isa = PBXResourcesBuildPhase;
			buildActionMask = 2147483647;
			files = (
				E097BD131E70567000D4F590 /* Assets.xcassets in Resources */,
			);
			runOnlyForDeploymentPostprocessing = 0;
		};
		E097BD171E70567000D4F590 /* Resources */ = {
			isa = PBXResourcesBuildPhase;
			buildActionMask = 2147483647;
			files = (
				E097BD271E70567100D4F590 /* Assets.xcassets in Resources */,
				E097BD251E70567100D4F590 /* MainInterface.storyboard in Resources */,
			);
			runOnlyForDeploymentPostprocessing = 0;
		};
/* End PBXResourcesBuildPhase section */

/* Begin PBXSourcesBuildPhase section */
		E097BD151E70567000D4F590 /* Sources */ = {
			isa = PBXSourcesBuildPhase;
			buildActionMask = 2147483647;
			files = (
				E097BD221E70567000D4F590 /* MessagesViewController.swift in Sources */,
				E097BD331E70B36000D4F590 /* EventViewController.swift in Sources */,
			);
			runOnlyForDeploymentPostprocessing = 0;
		};
/* End PBXSourcesBuildPhase section */

/* Begin PBXTargetDependency section */
		E097BD1C1E70567000D4F590 /* PBXTargetDependency */ = {
			isa = PBXTargetDependency;
			target = E097BD181E70567000D4F590 /* MessagesExtension */;
			targetProxy = E097BD1B1E70567000D4F590 /* PBXContainerItemProxy */;
		};
/* End PBXTargetDependency section */

/* Begin PBXVariantGroup section */
		E097BD231E70567100D4F590 /* MainInterface.storyboard */ = {
			isa = PBXVariantGroup;
			children = (
				E097BD241E70567100D4F590 /* Base */,
			);
			name = MainInterface.storyboard;
			sourceTree = "<group>";
		};
/* End PBXVariantGroup section */

/* Begin XCBuildConfiguration section */
		E097BD291E70567100D4F590 /* Debug */ = {
			isa = XCBuildConfiguration;
			buildSettings = {
				ALWAYS_SEARCH_USER_PATHS = NO;
				CLANG_ANALYZER_NONNULL = YES;
				CLANG_CXX_LANGUAGE_STANDARD = "gnu++0x";
				CLANG_CXX_LIBRARY = "libc++";
				CLANG_ENABLE_MODULES = YES;
				CLANG_ENABLE_OBJC_ARC = YES;
				CLANG_WARN_BOOL_CONVERSION = YES;
				CLANG_WARN_CONSTANT_CONVERSION = YES;
				CLANG_WARN_DIRECT_OBJC_ISA_USAGE = YES_ERROR;
				CLANG_WARN_DOCUMENTATION_COMMENTS = YES;
				CLANG_WARN_EMPTY_BODY = YES;
				CLANG_WARN_ENUM_CONVERSION = YES;
				CLANG_WARN_INFINITE_RECURSION = YES;
				CLANG_WARN_INT_CONVERSION = YES;
				CLANG_WARN_OBJC_ROOT_CLASS = YES_ERROR;
				CLANG_WARN_SUSPICIOUS_MOVE = YES;
				CLANG_WARN_UNREACHABLE_CODE = YES;
				CLANG_WARN__DUPLICATE_METHOD_MATCH = YES;
				"CODE_SIGN_IDENTITY[sdk=iphoneos*]" = "iPhone Developer";
				COPY_PHASE_STRIP = NO;
				DEBUG_INFORMATION_FORMAT = dwarf;
				ENABLE_STRICT_OBJC_MSGSEND = YES;
				ENABLE_TESTABILITY = YES;
				GCC_C_LANGUAGE_STANDARD = gnu99;
				GCC_DYNAMIC_NO_PIC = NO;
				GCC_NO_COMMON_BLOCKS = YES;
				GCC_OPTIMIZATION_LEVEL = 0;
				GCC_PREPROCESSOR_DEFINITIONS = (
					"DEBUG=1",
					"$(inherited)",
				);
				GCC_WARN_64_TO_32_BIT_CONVERSION = YES;
				GCC_WARN_ABOUT_RETURN_TYPE = YES_ERROR;
				GCC_WARN_UNDECLARED_SELECTOR = YES;
				GCC_WARN_UNINITIALIZED_AUTOS = YES_AGGRESSIVE;
				GCC_WARN_UNUSED_FUNCTION = YES;
				GCC_WARN_UNUSED_VARIABLE = YES;
				IPHONEOS_DEPLOYMENT_TARGET = 10.2;
				MTL_ENABLE_DEBUG_INFO = YES;
				ONLY_ACTIVE_ARCH = YES;
				SDKROOT = iphoneos;
				SWIFT_ACTIVE_COMPILATION_CONDITIONS = DEBUG;
				SWIFT_OPTIMIZATION_LEVEL = "-Onone";
				TARGETED_DEVICE_FAMILY = "1,2";
			};
			name = Debug;
		};
		E097BD2A1E70567100D4F590 /* Release */ = {
			isa = XCBuildConfiguration;
			buildSettings = {
				ALWAYS_SEARCH_USER_PATHS = NO;
				CLANG_ANALYZER_NONNULL = YES;
				CLANG_CXX_LANGUAGE_STANDARD = "gnu++0x";
				CLANG_CXX_LIBRARY = "libc++";
				CLANG_ENABLE_MODULES = YES;
				CLANG_ENABLE_OBJC_ARC = YES;
				CLANG_WARN_BOOL_CONVERSION = YES;
				CLANG_WARN_CONSTANT_CONVERSION = YES;
				CLANG_WARN_DIRECT_OBJC_ISA_USAGE = YES_ERROR;
				CLANG_WARN_DOCUMENTATION_COMMENTS = YES;
				CLANG_WARN_EMPTY_BODY = YES;
				CLANG_WARN_ENUM_CONVERSION = YES;
				CLANG_WARN_INFINITE_RECURSION = YES;
				CLANG_WARN_INT_CONVERSION = YES;
				CLANG_WARN_OBJC_ROOT_CLASS = YES_ERROR;
				CLANG_WARN_SUSPICIOUS_MOVE = YES;
				CLANG_WARN_UNREACHABLE_CODE = YES;
				CLANG_WARN__DUPLICATE_METHOD_MATCH = YES;
				"CODE_SIGN_IDENTITY[sdk=iphoneos*]" = "iPhone Developer";
				COPY_PHASE_STRIP = NO;
				DEBUG_INFORMATION_FORMAT = "dwarf-with-dsym";
				ENABLE_NS_ASSERTIONS = NO;
				ENABLE_STRICT_OBJC_MSGSEND = YES;
				GCC_C_LANGUAGE_STANDARD = gnu99;
				GCC_NO_COMMON_BLOCKS = YES;
				GCC_WARN_64_TO_32_BIT_CONVERSION = YES;
				GCC_WARN_ABOUT_RETURN_TYPE = YES_ERROR;
				GCC_WARN_UNDECLARED_SELECTOR = YES;
				GCC_WARN_UNINITIALIZED_AUTOS = YES_AGGRESSIVE;
				GCC_WARN_UNUSED_FUNCTION = YES;
				GCC_WARN_UNUSED_VARIABLE = YES;
				IPHONEOS_DEPLOYMENT_TARGET = 10.2;
				MTL_ENABLE_DEBUG_INFO = NO;
				SDKROOT = iphoneos;
				SWIFT_OPTIMIZATION_LEVEL = "-Owholemodule";
				TARGETED_DEVICE_FAMILY = "1,2";
				VALIDATE_PRODUCT = YES;
			};
			name = Release;
		};
		E097BD2C1E70567100D4F590 /* Debug */ = {
			isa = XCBuildConfiguration;
			buildSettings = {
				ASSETCATALOG_COMPILER_APPICON_NAME = "iMessage App Icon";
				DEVELOPMENT_TEAM = EN498SV6Q8;
				INFOPLIST_FILE = MessagesExtension/Info.plist;
				LD_RUNPATH_SEARCH_PATHS = "$(inherited) @executable_path/Frameworks @executable_path/../../Frameworks";
				PRODUCT_BUNDLE_IDENTIFIER = com.daxapps.VoteOnDate.MessagesExtension;
				PRODUCT_NAME = "$(TARGET_NAME)";
				SKIP_INSTALL = YES;
				SWIFT_VERSION = 3.0;
			};
			name = Debug;
		};
		E097BD2D1E70567100D4F590 /* Release */ = {
			isa = XCBuildConfiguration;
			buildSettings = {
				ASSETCATALOG_COMPILER_APPICON_NAME = "iMessage App Icon";
				DEVELOPMENT_TEAM = EN498SV6Q8;
				INFOPLIST_FILE = MessagesExtension/Info.plist;
				LD_RUNPATH_SEARCH_PATHS = "$(inherited) @executable_path/Frameworks @executable_path/../../Frameworks";
				PRODUCT_BUNDLE_IDENTIFIER = com.daxapps.VoteOnDate.MessagesExtension;
				PRODUCT_NAME = "$(TARGET_NAME)";
				SKIP_INSTALL = YES;
				SWIFT_VERSION = 3.0;
			};
			name = Release;
		};
		E097BD301E70567100D4F590 /* Debug */ = {
			isa = XCBuildConfiguration;
			buildSettings = {
				ALWAYS_EMBED_SWIFT_STANDARD_LIBRARIES = YES;
				ASSETCATALOG_COMPILER_APPICON_NAME = AppIcon;
				DEVELOPMENT_TEAM = EN498SV6Q8;
				INFOPLIST_FILE = VoteOnDate/Info.plist;
				PRODUCT_BUNDLE_IDENTIFIER = com.daxapps.VoteOnDate;
				PRODUCT_NAME = "$(TARGET_NAME)";
				SWIFT_VERSION = 3.0;
			};
			name = Debug;
		};
		E097BD311E70567100D4F590 /* Release */ = {
			isa = XCBuildConfiguration;
			buildSettings = {
				ALWAYS_EMBED_SWIFT_STANDARD_LIBRARIES = YES;
				ASSETCATALOG_COMPILER_APPICON_NAME = AppIcon;
				DEVELOPMENT_TEAM = EN498SV6Q8;
				INFOPLIST_FILE = VoteOnDate/Info.plist;
				PRODUCT_BUNDLE_IDENTIFIER = com.daxapps.VoteOnDate;
				PRODUCT_NAME = "$(TARGET_NAME)";
				SWIFT_VERSION = 3.0;
			};
			name = Release;
		};
/* End XCBuildConfiguration section */

/* Begin XCConfigurationList section */
		E097BD0C1E70567000D4F590 /* Build configuration list for PBXProject "VoteOnDate" */ = {
			isa = XCConfigurationList;
			buildConfigurations = (
				E097BD291E70567100D4F590 /* Debug */,
				E097BD2A1E70567100D4F590 /* Release */,
			);
			defaultConfigurationIsVisible = 0;
			defaultConfigurationName = Release;
		};
		E097BD2B1E70567100D4F590 /* Build configuration list for PBXNativeTarget "MessagesExtension" */ = {
			isa = XCConfigurationList;
			buildConfigurations = (
				E097BD2C1E70567100D4F590 /* Debug */,
				E097BD2D1E70567100D4F590 /* Release */,
			);
			defaultConfigurationIsVisible = 0;
		};
		E097BD2F1E70567100D4F590 /* Build configuration list for PBXNativeTarget "VoteOnDate" */ = {
			isa = XCConfigurationList;
			buildConfigurations = (
				E097BD301E70567100D4F590 /* Debug */,
				E097BD311E70567100D4F590 /* Release */,
			);
			defaultConfigurationIsVisible = 0;
		};
/* End XCConfigurationList section */
	};
	rootObject = E097BD091E70567000D4F590 /* Project object */;
}
